// !$*UTF8*$!
{
	archiveVersion = 1;
	classes = {
	};
	objectVersion = 46;
	objects = {

/* Begin PBXBuildFile section */
		AE68BD4B1C608CC000ECDBB0 /* AppDelegate.swift in Sources */ = {isa = PBXBuildFile; fileRef = AE68BD4A1C608CC000ECDBB0 /* AppDelegate.swift */; };
		AE68BD4D1C608CC000ECDBB0 /* ViewController.swift in Sources */ = {isa = PBXBuildFile; fileRef = AE68BD4C1C608CC000ECDBB0 /* ViewController.swift */; };
		AE68BD501C608CC000ECDBB0 /* Main.storyboard in Resources */ = {isa = PBXBuildFile; fileRef = AE68BD4E1C608CC000ECDBB0 /* Main.storyboard */; };
		AE68BD521C608CC000ECDBB0 /* Assets.xcassets in Resources */ = {isa = PBXBuildFile; fileRef = AE68BD511C608CC000ECDBB0 /* Assets.xcassets */; };
		AE68BD551C608CC000ECDBB0 /* LaunchScreen.storyboard in Resources */ = {isa = PBXBuildFile; fileRef = AE68BD531C608CC000ECDBB0 /* LaunchScreen.storyboard */; };
		AE68BD601C608CC100ECDBB0 /* SampleAppTests.swift in Sources */ = {isa = PBXBuildFile; fileRef = AE68BD5F1C608CC100ECDBB0 /* SampleAppTests.swift */; };
		AE68BD6B1C608CC100ECDBB0 /* SampleAppUITests.swift in Sources */ = {isa = PBXBuildFile; fileRef = AE68BD6A1C608CC100ECDBB0 /* SampleAppUITests.swift */; };
/* End PBXBuildFile section */

/* Begin PBXContainerItemProxy section */
		AE68BD5C1C608CC100ECDBB0 /* PBXContainerItemProxy */ = {
			isa = PBXContainerItemProxy;
			containerPortal = AE68BD3F1C608CC000ECDBB0 /* Project object */;
			proxyType = 1;
			remoteGlobalIDString = AE68BD461C608CC000ECDBB0;
			remoteInfo = SampleApp;
		};
		AE68BD671C608CC100ECDBB0 /* PBXContainerItemProxy */ = {
			isa = PBXContainerItemProxy;
			containerPortal = AE68BD3F1C608CC000ECDBB0 /* Project object */;
			proxyType = 1;
			remoteGlobalIDString = AE68BD461C608CC000ECDBB0;
			remoteInfo = SampleApp;
		};
/* End PBXContainerItemProxy section */

/* Begin PBXFileReference section */
		AE68BD471C608CC000ECDBB0 /* SampleApp.app */ = {isa = PBXFileReference; explicitFileType = wrapper.application; includeInIndex = 0; path = SampleApp.app; sourceTree = BUILT_PRODUCTS_DIR; };
		AE68BD4A1C608CC000ECDBB0 /* AppDelegate.swift */ = {isa = PBXFileReference; lastKnownFileType = sourcecode.swift; path = AppDelegate.swift; sourceTree = "<group>"; };
		AE68BD4C1C608CC000ECDBB0 /* ViewController.swift */ = {isa = PBXFileReference; lastKnownFileType = sourcecode.swift; path = ViewController.swift; sourceTree = "<group>"; };
		AE68BD4F1C608CC000ECDBB0 /* Base */ = {isa = PBXFileReference; lastKnownFileType = file.storyboard; name = Base; path = Base.lproj/Main.storyboard; sourceTree = "<group>"; };
		AE68BD511C608CC000ECDBB0 /* Assets.xcassets */ = {isa = PBXFileReference; lastKnownFileType = folder.assetcatalog; path = Assets.xcassets; sourceTree = "<group>"; };
		AE68BD541C608CC000ECDBB0 /* Base */ = {isa = PBXFileReference; lastKnownFileType = file.storyboard; name = Base; path = Base.lproj/LaunchScreen.storyboard; sourceTree = "<group>"; };
		AE68BD561C608CC000ECDBB0 /* Info.plist */ = {isa = PBXFileReference; lastKnownFileType = text.plist.xml; path = Info.plist; sourceTree = "<group>"; };
		AE68BD5B1C608CC100ECDBB0 /* SampleAppTests.xctest */ = {isa = PBXFileReference; explicitFileType = wrapper.cfbundle; includeInIndex = 0; path = SampleAppTests.xctest; sourceTree = BUILT_PRODUCTS_DIR; };
		AE68BD5F1C608CC100ECDBB0 /* SampleAppTests.swift */ = {isa = PBXFileReference; lastKnownFileType = sourcecode.swift; path = SampleAppTests.swift; sourceTree = "<group>"; };
		AE68BD611C608CC100ECDBB0 /* Info.plist */ = {isa = PBXFileReference; lastKnownFileType = text.plist.xml; path = Info.plist; sourceTree = "<group>"; };
		AE68BD661C608CC100ECDBB0 /* SampleAppUITests.xctest */ = {isa = PBXFileReference; explicitFileType = wrapper.cfbundle; includeInIndex = 0; path = SampleAppUITests.xctest; sourceTree = BUILT_PRODUCTS_DIR; };
		AE68BD6A1C608CC100ECDBB0 /* SampleAppUITests.swift */ = {isa = PBXFileReference; lastKnownFileType = sourcecode.swift; path = SampleAppUITests.swift; sourceTree = "<group>"; };
		AE68BD6C1C608CC100ECDBB0 /* Info.plist */ = {isa = PBXFileReference; lastKnownFileType = text.plist.xml; path = Info.plist; sourceTree = "<group>"; };
/* End PBXFileReference section */

/* Begin PBXFrameworksBuildPhase section */
		AE68BD441C608CC000ECDBB0 /* Frameworks */ = {
			isa = PBXFrameworksBuildPhase;
			buildActionMask = 2147483647;
			files = (
			);
			runOnlyForDeploymentPostprocessing = 0;
		};
		AE68BD581C608CC100ECDBB0 /* Frameworks */ = {
			isa = PBXFrameworksBuildPhase;
			buildActionMask = 2147483647;
			files = (
			);
			runOnlyForDeploymentPostprocessing = 0;
		};
		AE68BD631C608CC100ECDBB0 /* Frameworks */ = {
			isa = PBXFrameworksBuildPhase;
			buildActionMask = 2147483647;
			files = (
			);
			runOnlyForDeploymentPostprocessing = 0;
		};
/* End PBXFrameworksBuildPhase section */

/* Begin PBXGroup section */
		AE68BD3E1C608CC000ECDBB0 = {
			isa = PBXGroup;
			children = (
				AE68BD491C608CC000ECDBB0 /* SampleApp */,
				AE68BD5E1C608CC100ECDBB0 /* SampleAppTests */,
				AE68BD691C608CC100ECDBB0 /* SampleAppUITests */,
				AE68BD481C608CC000ECDBB0 /* Products */,
			);
			sourceTree = "<group>";
		};
		AE68BD481C608CC000ECDBB0 /* Products */ = {
			isa = PBXGroup;
			children = (
				AE68BD471C608CC000ECDBB0 /* SampleApp.app */,
				AE68BD5B1C608CC100ECDBB0 /* SampleAppTests.xctest */,
				AE68BD661C608CC100ECDBB0 /* SampleAppUITests.xctest */,
			);
			name = Products;
			sourceTree = "<group>";
		};
		AE68BD491C608CC000ECDBB0 /* SampleApp */ = {
			isa = PBXGroup;
			children = (
				AE68BD4A1C608CC000ECDBB0 /* AppDelegate.swift */,
				AE68BD4C1C608CC000ECDBB0 /* ViewController.swift */,
				AE68BD4E1C608CC000ECDBB0 /* Main.storyboard */,
				AE68BD511C608CC000ECDBB0 /* Assets.xcassets */,
				AE68BD531C608CC000ECDBB0 /* LaunchScreen.storyboard */,
				AE68BD561C608CC000ECDBB0 /* Info.plist */,
			);
			path = SampleApp;
			sourceTree = "<group>";
		};
		AE68BD5E1C608CC100ECDBB0 /* SampleAppTests */ = {
			isa = PBXGroup;
			children = (
				AE68BD5F1C608CC100ECDBB0 /* SampleAppTests.swift */,
				AE68BD611C608CC100ECDBB0 /* Info.plist */,
			);
			path = SampleAppTests;
			sourceTree = "<group>";
		};
		AE68BD691C608CC100ECDBB0 /* SampleAppUITests */ = {
			isa = PBXGroup;
			children = (
				AE68BD6A1C608CC100ECDBB0 /* SampleAppUITests.swift */,
				AE68BD6C1C608CC100ECDBB0 /* Info.plist */,
			);
			path = SampleAppUITests;
			sourceTree = "<group>";
		};
/* End PBXGroup section */

/* Begin PBXNativeTarget section */
		AE68BD461C608CC000ECDBB0 /* SampleApp */ = {
			isa = PBXNativeTarget;
			buildConfigurationList = AE68BD6F1C608CC100ECDBB0 /* Build configuration list for PBXNativeTarget "SampleApp" */;
			buildPhases = (
				AE68BD431C608CC000ECDBB0 /* Sources */,
				AE68BD441C608CC000ECDBB0 /* Frameworks */,
				AE68BD451C608CC000ECDBB0 /* Resources */,
			);
			buildRules = (
			);
			dependencies = (
			);
			name = SampleApp;
			productName = SampleApp;
			productReference = AE68BD471C608CC000ECDBB0 /* SampleApp.app */;
			productType = "com.apple.product-type.application";
		};
		AE68BD5A1C608CC100ECDBB0 /* SampleAppTests */ = {
			isa = PBXNativeTarget;
			buildConfigurationList = AE68BD721C608CC100ECDBB0 /* Build configuration list for PBXNativeTarget "SampleAppTests" */;
			buildPhases = (
				AE68BD571C608CC100ECDBB0 /* Sources */,
				AE68BD581C608CC100ECDBB0 /* Frameworks */,
				AE68BD591C608CC100ECDBB0 /* Resources */,
			);
			buildRules = (
			);
			dependencies = (
				AE68BD5D1C608CC100ECDBB0 /* PBXTargetDependency */,
			);
			name = SampleAppTests;
			productName = SampleAppTests;
			productReference = AE68BD5B1C608CC100ECDBB0 /* SampleAppTests.xctest */;
			productType = "com.apple.product-type.bundle.unit-test";
		};
		AE68BD651C608CC100ECDBB0 /* SampleAppUITests */ = {
			isa = PBXNativeTarget;
			buildConfigurationList = AE68BD751C608CC100ECDBB0 /* Build configuration list for PBXNativeTarget "SampleAppUITests" */;
			buildPhases = (
				AE68BD621C608CC100ECDBB0 /* Sources */,
				AE68BD631C608CC100ECDBB0 /* Frameworks */,
				AE68BD641C608CC100ECDBB0 /* Resources */,
			);
			buildRules = (
			);
			dependencies = (
				AE68BD681C608CC100ECDBB0 /* PBXTargetDependency */,
			);
			name = SampleAppUITests;
			productName = SampleAppUITests;
			productReference = AE68BD661C608CC100ECDBB0 /* SampleAppUITests.xctest */;
			productType = "com.apple.product-type.bundle.ui-testing";
		};
/* End PBXNativeTarget section */

/* Begin PBXProject section */
		AE68BD3F1C608CC000ECDBB0 /* Project object */ = {
			isa = PBXProject;
			attributes = {
				LastSwiftUpdateCheck = 0720;
				LastUpgradeCheck = 0720;
				ORGANIZATIONNAME = "10C Internet Pvt. Ltd.";
				TargetAttributes = {
					AE68BD461C608CC000ECDBB0 = {
						CreatedOnToolsVersion = 7.2;
					};
					AE68BD5A1C608CC100ECDBB0 = {
						CreatedOnToolsVersion = 7.2;
						TestTargetID = AE68BD461C608CC000ECDBB0;
					};
					AE68BD651C608CC100ECDBB0 = {
						CreatedOnToolsVersion = 7.2;
						TestTargetID = AE68BD461C608CC000ECDBB0;
					};
				};
			};
			buildConfigurationList = AE68BD421C608CC000ECDBB0 /* Build configuration list for PBXProject "SampleApp" */;
			compatibilityVersion = "Xcode 3.2";
			developmentRegion = English;
			hasScannedForEncodings = 0;
			knownRegions = (
				en,
				Base,
			);
			mainGroup = AE68BD3E1C608CC000ECDBB0;
			productRefGroup = AE68BD481C608CC000ECDBB0 /* Products */;
			projectDirPath = "";
			projectRoot = "";
			targets = (
				AE68BD461C608CC000ECDBB0 /* SampleApp */,
				AE68BD5A1C608CC100ECDBB0 /* SampleAppTests */,
				AE68BD651C608CC100ECDBB0 /* SampleAppUITests */,
			);
		};
/* End PBXProject section */

/* Begin PBXResourcesBuildPhase section */
		AE68BD451C608CC000ECDBB0 /* Resources */ = {
			isa = PBXResourcesBuildPhase;
			buildActionMask = 2147483647;
			files = (
				AE68BD551C608CC000ECDBB0 /* LaunchScreen.storyboard in Resources */,
				AE68BD521C608CC000ECDBB0 /* Assets.xcassets in Resources */,
				AE68BD501C608CC000ECDBB0 /* Main.storyboard in Resources */,
			);
			runOnlyForDeploymentPostprocessing = 0;
		};
		AE68BD591C608CC100ECDBB0 /* Resources */ = {
			isa = PBXResourcesBuildPhase;
			buildActionMask = 2147483647;
			files = (
			);
			runOnlyForDeploymentPostprocessing = 0;
		};
		AE68BD641C608CC100ECDBB0 /* Resources */ = {
			isa = PBXResourcesBuildPhase;
			buildActionMask = 2147483647;
			files = (
			);
			runOnlyForDeploymentPostprocessing = 0;
		};
/* End PBXResourcesBuildPhase section */

/* Begin PBXSourcesBuildPhase section */
		AE68BD431C608CC000ECDBB0 /* Sources */ = {
			isa = PBXSourcesBuildPhase;
			buildActionMask = 2147483647;
			files = (
				AE68BD4D1C608CC000ECDBB0 /* ViewController.swift in Sources */,
				AE68BD4B1C608CC000ECDBB0 /* AppDelegate.swift in Sources */,
			);
			runOnlyForDeploymentPostprocessing = 0;
		};
		AE68BD571C608CC100ECDBB0 /* Sources */ = {
			isa = PBXSourcesBuildPhase;
			buildActionMask = 2147483647;
			files = (
				AE68BD601C608CC100ECDBB0 /* SampleAppTests.swift in Sources */,
			);
			runOnlyForDeploymentPostprocessing = 0;
		};
		AE68BD621C608CC100ECDBB0 /* Sources */ = {
			isa = PBXSourcesBuildPhase;
			buildActionMask = 2147483647;
			files = (
				AE68BD6B1C608CC100ECDBB0 /* SampleAppUITests.swift in Sources */,
			);
			runOnlyForDeploymentPostprocessing = 0;
		};
/* End PBXSourcesBuildPhase section */

/* Begin PBXTargetDependency section */
		AE68BD5D1C608CC100ECDBB0 /* PBXTargetDependency */ = {
			isa = PBXTargetDependency;
			target = AE68BD461C608CC000ECDBB0 /* SampleApp */;
			targetProxy = AE68BD5C1C608CC100ECDBB0 /* PBXContainerItemProxy */;
		};
		AE68BD681C608CC100ECDBB0 /* PBXTargetDependency */ = {
			isa = PBXTargetDependency;
			target = AE68BD461C608CC000ECDBB0 /* SampleApp */;
			targetProxy = AE68BD671C608CC100ECDBB0 /* PBXContainerItemProxy */;
		};
/* End PBXTargetDependency section */

/* Begin PBXVariantGroup section */
		AE68BD4E1C608CC000ECDBB0 /* Main.storyboard */ = {
			isa = PBXVariantGroup;
			children = (
				AE68BD4F1C608CC000ECDBB0 /* Base */,
			);
			name = Main.storyboard;
			sourceTree = "<group>";
		};
		AE68BD531C608CC000ECDBB0 /* LaunchScreen.storyboard */ = {
			isa = PBXVariantGroup;
			children = (
				AE68BD541C608CC000ECDBB0 /* Base */,
			);
			name = LaunchScreen.storyboard;
			sourceTree = "<group>";
		};
/* End PBXVariantGroup section */

/* Begin XCBuildConfiguration section */
		AE68BD6D1C608CC100ECDBB0 /* Debug */ = {
			isa = XCBuildConfiguration;
			buildSettings = {
				ALWAYS_SEARCH_USER_PATHS = NO;
				CLANG_CXX_LANGUAGE_STANDARD = "gnu++0x";
				CLANG_CXX_LIBRARY = "libc++";
				CLANG_ENABLE_MODULES = YES;
				CLANG_ENABLE_OBJC_ARC = YES;
				CLANG_WARN_BOOL_CONVERSION = YES;
				CLANG_WARN_CONSTANT_CONVERSION = YES;
				CLANG_WARN_DIRECT_OBJC_ISA_USAGE = YES_ERROR;
				CLANG_WARN_EMPTY_BODY = YES;
				CLANG_WARN_ENUM_CONVERSION = YES;
				CLANG_WARN_INT_CONVERSION = YES;
				CLANG_WARN_OBJC_ROOT_CLASS = YES_ERROR;
				CLANG_WARN_UNREACHABLE_CODE = YES;
				CLANG_WARN__DUPLICATE_METHOD_MATCH = YES;
				"CODE_SIGN_IDENTITY[sdk=iphoneos*]" = "iPhone Developer";
				COPY_PHASE_STRIP = NO;
				DEBUG_INFORMATION_FORMAT = dwarf;
				ENABLE_STRICT_OBJC_MSGSEND = YES;
				ENABLE_TESTABILITY = YES;
				GCC_C_LANGUAGE_STANDARD = gnu99;
				GCC_DYNAMIC_NO_PIC = NO;
				GCC_NO_COMMON_BLOCKS = YES;
				GCC_OPTIMIZATION_LEVEL = 0;
				GCC_PREPROCESSOR_DEFINITIONS = (
					"DEBUG=1",
					"$(inherited)",
				);
				GCC_WARN_64_TO_32_BIT_CONVERSION = YES;
				GCC_WARN_ABOUT_RETURN_TYPE = YES_ERROR;
				GCC_WARN_UNDECLARED_SELECTOR = YES;
				GCC_WARN_UNINITIALIZED_AUTOS = YES_AGGRESSIVE;
				GCC_WARN_UNUSED_FUNCTION = YES;
				GCC_WARN_UNUSED_VARIABLE = YES;
				IPHONEOS_DEPLOYMENT_TARGET = 9.2;
				MTL_ENABLE_DEBUG_INFO = YES;
				ONLY_ACTIVE_ARCH = YES;
				SDKROOT = iphoneos;
				SWIFT_OPTIMIZATION_LEVEL = "-Onone";
				TARGETED_DEVICE_FAMILY = "1,2";
			};
			name = Debug;
		};
		AE68BD6E1C608CC100ECDBB0 /* Release */ = {
			isa = XCBuildConfiguration;
			buildSettings = {
				ALWAYS_SEARCH_USER_PATHS = NO;
				CLANG_CXX_LANGUAGE_STANDARD = "gnu++0x";
				CLANG_CXX_LIBRARY = "libc++";
				CLANG_ENABLE_MODULES = YES;
				CLANG_ENABLE_OBJC_ARC = YES;
				CLANG_WARN_BOOL_CONVERSION = YES;
				CLANG_WARN_CONSTANT_CONVERSION = YES;
				CLANG_WARN_DIRECT_OBJC_ISA_USAGE = YES_ERROR;
				CLANG_WARN_EMPTY_BODY = YES;
				CLANG_WARN_ENUM_CONVERSION = YES;
				CLANG_WARN_INT_CONVERSION = YES;
				CLANG_WARN_OBJC_ROOT_CLASS = YES_ERROR;
				CLANG_WARN_UNREACHABLE_CODE = YES;
				CLANG_WARN__DUPLICATE_METHOD_MATCH = YES;
				"CODE_SIGN_IDENTITY[sdk=iphoneos*]" = "iPhone Developer";
				COPY_PHASE_STRIP = NO;
				DEBUG_INFORMATION_FORMAT = "dwarf-with-dsym";
				ENABLE_NS_ASSERTIONS = NO;
				ENABLE_STRICT_OBJC_MSGSEND = YES;
				GCC_C_LANGUAGE_STANDARD = gnu99;
				GCC_NO_COMMON_BLOCKS = YES;
				GCC_WARN_64_TO_32_BIT_CONVERSION = YES;
				GCC_WARN_ABOUT_RETURN_TYPE = YES_ERROR;
				GCC_WARN_UNDECLARED_SELECTOR = YES;
				GCC_WARN_UNINITIALIZED_AUTOS = YES_AGGRESSIVE;
				GCC_WARN_UNUSED_FUNCTION = YES;
				GCC_WARN_UNUSED_VARIABLE = YES;
				IPHONEOS_DEPLOYMENT_TARGET = 9.2;
				MTL_ENABLE_DEBUG_INFO = NO;
				SDKROOT = iphoneos;
				TARGETED_DEVICE_FAMILY = "1,2";
				VALIDATE_PRODUCT = YES;
			};
			name = Release;
		};
		AE68BD701C608CC100ECDBB0 /* Debug */ = {
			isa = XCBuildConfiguration;
			buildSettings = {
				ASSETCATALOG_COMPILER_APPICON_NAME = AppIcon;
				INFOPLIST_FILE = SampleApp/Info.plist;
				LD_RUNPATH_SEARCH_PATHS = "$(inherited) @executable_path/Frameworks";
				PRODUCT_BUNDLE_IDENTIFIER = com.10c.TeenPatti.SampleApp;
				PRODUCT_NAME = "$(TARGET_NAME)";
			};
			name = Debug;
		};
		AE68BD711C608CC100ECDBB0 /* Release */ = {
			isa = XCBuildConfiguration;
			buildSettings = {
				ASSETCATALOG_COMPILER_APPICON_NAME = AppIcon;
				INFOPLIST_FILE = SampleApp/Info.plist;
				LD_RUNPATH_SEARCH_PATHS = "$(inherited) @executable_path/Frameworks";
				PRODUCT_BUNDLE_IDENTIFIER = com.10c.TeenPatti.SampleApp;
				PRODUCT_NAME = "$(TARGET_NAME)";
			};
			name = Release;
		};
		AE68BD731C608CC100ECDBB0 /* Debug */ = {
			isa = XCBuildConfiguration;
			buildSettings = {
				BUNDLE_LOADER = "$(TEST_HOST)";
				INFOPLIST_FILE = SampleAppTests/Info.plist;
				LD_RUNPATH_SEARCH_PATHS = "$(inherited) @executable_path/Frameworks @loader_path/Frameworks";
				PRODUCT_BUNDLE_IDENTIFIER = com.10c.TeenPatti.SampleAppTests;
				PRODUCT_NAME = "$(TARGET_NAME)";
				TEST_HOST = "$(BUILT_PRODUCTS_DIR)/SampleApp.app/SampleApp";
			};
			name = Debug;
		};
		AE68BD741C608CC100ECDBB0 /* Release */ = {
			isa = XCBuildConfiguration;
			buildSettings = {
				BUNDLE_LOADER = "$(TEST_HOST)";
				INFOPLIST_FILE = SampleAppTests/Info.plist;
				LD_RUNPATH_SEARCH_PATHS = "$(inherited) @executable_path/Frameworks @loader_path/Frameworks";
				PRODUCT_BUNDLE_IDENTIFIER = com.10c.TeenPatti.SampleAppTests;
				PRODUCT_NAME = "$(TARGET_NAME)";
				TEST_HOST = "$(BUILT_PRODUCTS_DIR)/SampleApp.app/SampleApp";
			};
			name = Release;
		};
		AE68BD761C608CC100ECDBB0 /* Debug */ = {
			isa = XCBuildConfiguration;
			buildSettings = {
				INFOPLIST_FILE = SampleAppUITests/Info.plist;
				LD_RUNPATH_SEARCH_PATHS = "$(inherited) @executable_path/Frameworks @loader_path/Frameworks";
				PRODUCT_BUNDLE_IDENTIFIER = com.10c.TeenPatti.SampleAppUITests;
				PRODUCT_NAME = "$(TARGET_NAME)";
				TEST_TARGET_NAME = SampleApp;
				USES_XCTRUNNER = YES;
			};
			name = Debug;
		};
		AE68BD771C608CC100ECDBB0 /* Release */ = {
			isa = XCBuildConfiguration;
			buildSettings = {
				INFOPLIST_FILE = SampleAppUITests/Info.plist;
				LD_RUNPATH_SEARCH_PATHS = "$(inherited) @executable_path/Frameworks @loader_path/Frameworks";
				PRODUCT_BUNDLE_IDENTIFIER = com.10c.TeenPatti.SampleAppUITests;
				PRODUCT_NAME = "$(TARGET_NAME)";
				TEST_TARGET_NAME = SampleApp;
				USES_XCTRUNNER = YES;
			};
			name = Release;
		};
/* End XCBuildConfiguration section */

/* Begin XCConfigurationList section */
		AE68BD421C608CC000ECDBB0 /* Build configuration list for PBXProject "SampleApp" */ = {
			isa = XCConfigurationList;
			buildConfigurations = (
				AE68BD6D1C608CC100ECDBB0 /* Debug */,
				AE68BD6E1C608CC100ECDBB0 /* Release */,
			);
			defaultConfigurationIsVisible = 0;
			defaultConfigurationName = Release;
		};
		AE68BD6F1C608CC100ECDBB0 /* Build configuration list for PBXNativeTarget "SampleApp" */ = {
			isa = XCConfigurationList;
			buildConfigurations = (
				AE68BD701C608CC100ECDBB0 /* Debug */,
				AE68BD711C608CC100ECDBB0 /* Release */,
			);
			defaultConfigurationIsVisible = 0;
		};
		AE68BD721C608CC100ECDBB0 /* Build configuration list for PBXNativeTarget "SampleAppTests" */ = {
			isa = XCConfigurationList;
			buildConfigurations = (
				AE68BD731C608CC100ECDBB0 /* Debug */,
				AE68BD741C608CC100ECDBB0 /* Release */,
			);
			defaultConfigurationIsVisible = 0;
		};
		AE68BD751C608CC100ECDBB0 /* Build configuration list for PBXNativeTarget "SampleAppUITests" */ = {
			isa = XCConfigurationList;
			buildConfigurations = (
				AE68BD761C608CC100ECDBB0 /* Debug */,
				AE68BD771C608CC100ECDBB0 /* Release */,
			);
			defaultConfigurationIsVisible = 0;
		};
/* End XCConfigurationList section */
	};
	rootObject = AE68BD3F1C608CC000ECDBB0 /* Project object */;
}
